
Microsoft Visual Studio Solution File, Format Version 12.00
# Visual Studio Express 2012 for Windows Desktop
Project("{FAE04EC0-301F-11D3-BF4B-00C04F79EFBC}") = "ConsoleDBConnect", "ConsoleDBConnect\ConsoleDBConnect.csproj", "{D4F14D33-C79C-4FC5-A13F-D5FC0DEC9AA5}"
EndProject
Global
	GlobalSection(SolutionConfigurationPlatforms) = preSolution
		Debug|Any CPU = Debug|Any CPU
		Release|Any CPU = Release|Any CPU
	EndGlobalSection
	GlobalSection(ProjectConfigurationPlatforms) = postSolution
		{D4F14D33-C79C-4FC5-A13F-D5FC0DEC9AA5}.Debug|Any CPU.ActiveCfg = Debug|Any CPU
		{D4F14D33-C79C-4FC5-A13F-D5FC0DEC9AA5}.Debug|Any CPU.Build.0 = Debug|Any CPU
		{D4F14D33-C79C-4FC5-A13F-D5FC0DEC9AA5}.Release|Any CPU.ActiveCfg = Release|Any CPU
		{D4F14D33-C79C-4FC5-A13F-D5FC0DEC9AA5}.Release|Any CPU.Build.0 = Release|Any CPU
	EndGlobalSection
	GlobalSection(SolutionProperties) = preSolution
		HideSolutionNode = FALSE
	EndGlobalSection
EndGlobal
